<?xml version="1.0" encoding="utf-8"?>
<Project ToolsVersion="4.0" xmlns="http://schemas.microsoft.com/developer/msbuild/2003">
  <ItemGroup>
    <Filter Include="tests">
      <UniqueIdentifier>{363f5190-5465-4639-b0a8-6435c28884fa}</UniqueIdentifier>
    </Filter>
    <Filter Include="src">
      <UniqueIdentifier>{78eb6267-57a1-4e36-9a36-71b010424292}</UniqueIdentifier>
    </Filter>
    <Filter Include="src\core">
      <UniqueIdentifier>{1f2b4e9c-59f9-4a1f-ad54-75881b53a336}</UniqueIdentifier>
    </Filter>
    <Filter Include="src\core\crypto">
      <UniqueIdentifier>{cd1eafab-bcdb-4e59-aa36-87cd6762cfe3}</UniqueIdentifier>
    </Filter>
    <Filter Include="src\core\json">
      <UniqueIdentifier>{dde06548-f846-45f7-9f2e-2db976eda377}</UniqueIdentifier>
    </Filter>
    <Filter Include="src\core\utf8">
      <UniqueIdentifier>{733f58c9-cbd3-42f6-a6d3-cb6c0bc53272}</UniqueIdentifier>
    </Filter>
    <Filter Include="src\windows">
      <UniqueIdentifier>{8d491a31-dd1e-414d-a617-7a648c376c2c}</UniqueIdentifier>
    </Filter>
    <Filter Include="ext">
      <UniqueIdentifier>{40bf2383-eb37-43aa-89b4-3292a44ee00c}</UniqueIdentifier>
    </Filter>
    <Filter Include="ext\cvshared">
      <UniqueIdentifier>{1dc90bf8-1a9d-4f94-bb96-30318d0f9197}</UniqueIdentifier>
    </Filter>
  </ItemGroup>
  <ItemGroup>
    <ClCompile Include="..\..\tests\windows_test.cpp">
      <Filter>tests</Filter>
    </ClCompile>
    <ClCompile Include="..\..\src\core\mpin_crypto_non_tee.cpp">
      <Filter>src\core</Filter>
    </ClCompile>
    <ClCompile Include="..\..\src\core\mpin_sdk.cpp">
      <Filter>src\core</Filter>
    </ClCompile>
    <ClCompile Include="..\..\src\core\utils.cpp">
      <Filter>src\core</Filter>
    </ClCompile>
    <ClCompile Include="..\..\src\core\crypto\aesGcmWrapper.c">
      <Filter>src\core\crypto</Filter>
    </ClCompile>
    <ClCompile Include="..\..\src\core\crypto\certivox.c">
      <Filter>src\core\crypto</Filter>
    </ClCompile>
    <ClCompile Include="..\..\src\core\crypto\eccsi_c.c">
      <Filter>src\core\crypto</Filter>
    </ClCompile>
    <ClCompile Include="..\..\src\core\crypto\eccsiWrapper.c">
      <Filter>src\core\crypto</Filter>
    </ClCompile>
    <ClCompile Include="..\..\src\core\crypto\mpin_c.c">
      <Filter>src\core\crypto</Filter>
    </ClCompile>
    <ClCompile Include="..\..\src\core\crypto\mpinWrapper.c">
      <Filter>src\core\crypto</Filter>
    </ClCompile>
    <ClCompile Include="..\..\src\core\crypto\mraes.c">
      <Filter>src\core\crypto</Filter>
    </ClCompile>
    <ClCompile Include="..\..\src\core\crypto\mralloc.c">
      <Filter>src\core\crypto</Filter>
    </ClCompile>
    <ClCompile Include="..\..\src\core\crypto\mrarth0.c">
      <Filter>src\core\crypto</Filter>
    </ClCompile>
    <ClCompile Include="..\..\src\core\crypto\mrarth1.c">
      <Filter>src\core\crypto</Filter>
    </ClCompile>
    <ClCompile Include="..\..\src\core\crypto\mrarth2.c">
      <Filter>src\core\crypto</Filter>
    </ClCompile>
    <ClCompile Include="..\..\src\core\crypto\mrarth3.c">
      <Filter>src\core\crypto</Filter>
    </ClCompile>
    <ClCompile Include="..\..\src\core\crypto\mrbits.c">
      <Filter>src\core\crypto</Filter>
    </ClCompile>
    <ClCompile Include="..\..\src\core\crypto\mrcombaWin32.c">
      <Filter>src\core\crypto</Filter>
    </ClCompile>
    <ClCompile Include="..\..\src\core\crypto\mrcore.c">
      <Filter>src\core\crypto</Filter>
    </ClCompile>
    <ClCompile Include="..\..\src\core\crypto\mrcurve.c">
      <Filter>src\core\crypto</Filter>
    </ClCompile>
    <ClCompile Include="..\..\src\core\crypto\mrecn2.c">
      <Filter>src\core\crypto</Filter>
    </ClCompile>
    <ClCompile Include="..\..\src\core\crypto\mrgcd.c">
      <Filter>src\core\crypto</Filter>
    </ClCompile>
    <ClCompile Include="..\..\src\core\crypto\mrgcm.c">
      <Filter>src\core\crypto</Filter>
    </ClCompile>
    <ClCompile Include="..\..\src\core\crypto\mrio1.c">
      <Filter>src\core\crypto</Filter>
    </ClCompile>
    <ClCompile Include="..\..\src\core\crypto\mrjack.c">
      <Filter>src\core\crypto</Filter>
    </ClCompile>
    <ClCompile Include="..\..\src\core\crypto\mrlucas.c">
      <Filter>src\core\crypto</Filter>
    </ClCompile>
    <ClCompile Include="..\..\src\core\crypto\mrmonty.c">
      <Filter>src\core\crypto</Filter>
    </ClCompile>
    <ClCompile Include="..\..\src\core\crypto\mrmuldvWin32.c">
      <Filter>src\core\crypto</Filter>
    </ClCompile>
    <ClCompile Include="..\..\src\core\crypto\mrpower.c">
      <Filter>src\core\crypto</Filter>
    </ClCompile>
    <ClCompile Include="..\..\src\core\crypto\mrprime.c">
      <Filter>src\core\crypto</Filter>
    </ClCompile>
    <ClCompile Include="..\..\src\core\crypto\mrrand.c">
      <Filter>src\core\crypto</Filter>
    </ClCompile>
    <ClCompile Include="..\..\src\core\crypto\mrshs.c">
      <Filter>src\core\crypto</Filter>
    </ClCompile>
    <ClCompile Include="..\..\src\core\crypto\mrshs256.c">
      <Filter>src\core\crypto</Filter>
    </ClCompile>
    <ClCompile Include="..\..\src\core\crypto\mrsmall.c">
      <Filter>src\core\crypto</Filter>
    </ClCompile>
    <ClCompile Include="..\..\src\core\crypto\mrsroot.c">
      <Filter>src\core\crypto</Filter>
    </ClCompile>
    <ClCompile Include="..\..\src\core\crypto\mrstrong.c">
      <Filter>src\core\crypto</Filter>
    </ClCompile>
    <ClCompile Include="..\..\src\core\crypto\mrxgcd.c">
      <Filter>src\core\crypto</Filter>
    </ClCompile>
    <ClCompile Include="..\..\src\core\crypto\mrzzn2.c">
      <Filter>src\core\crypto</Filter>
    </ClCompile>
    <ClCompile Include="..\..\src\core\crypto\mrzzn2b.c">
      <Filter>src\core\crypto</Filter>
    </ClCompile>
    <ClCompile Include="..\..\src\core\crypto\mrzzn4.c">
      <Filter>src\core\crypto</Filter>
    </ClCompile>
    <ClCompile Include="..\..\src\core\crypto\octet.c">
      <Filter>src\core\crypto</Filter>
    </ClCompile>
    <ClCompile Include="..\..\src\core\crypto\sakke_bn_c.c">
      <Filter>src\core\crypto</Filter>
    </ClCompile>
    <ClCompile Include="..\..\src\core\crypto\sakkeWrapper.c">
      <Filter>src\core\crypto</Filter>
    </ClCompile>
    <ClCompile Include="..\..\ext\cvshared\cpp\windows\CvHttpRequest.cpp">
      <Filter>ext\cvshared</Filter>
    </ClCompile>
    <ClCompile Include="..\..\ext\cvshared\cpp\windows\CvMutex.cpp">
      <Filter>ext\cvshared</Filter>
    </ClCompile>
    <ClCompile Include="..\..\ext\cvshared\cpp\CvTime.cpp">
      <Filter>ext\cvshared</Filter>
    </ClCompile>
    <ClCompile Include="..\..\ext\cvshared\cpp\CvString.cpp">
      <Filter>ext\cvshared</Filter>
    </ClCompile>
    <ClCompile Include="..\..\ext\cvshared\cpp\windows\CvLogger.cpp">
      <Filter>ext\cvshared</Filter>
    </ClCompile>
    <ClCompile Include="..\..\src\windows\context_impl.cpp">
      <Filter>src\windows</Filter>
    </ClCompile>
    <ClCompile Include="..\..\ext\cvshared\cpp\CvXcode.cpp">
      <Filter>ext\cvshared</Filter>
    </ClCompile>
  </ItemGroup>
  <ItemGroup>
    <ClInclude Include="..\..\src\core\mpin_crypto.h">
      <Filter>src\core</Filter>
    </ClInclude>
    <ClInclude Include="..\..\src\core\mpin_crypto_non_tee.h">
      <Filter>src\core</Filter>
    </ClInclude>
    <ClInclude Include="..\..\src\core\mpin_sdk.h">
      <Filter>src\core</Filter>
    </ClInclude>
    <ClInclude Include="..\..\src\core\utils.h">
      <Filter>src\core</Filter>
    </ClInclude>
    <ClInclude Include="..\..\src\core\crypto\aesGcmWrapper.h">
      <Filter>src\core\crypto</Filter>
    </ClInclude>
    <ClInclude Include="..\..\src\core\crypto\certivox.h">
      <Filter>src\core\crypto</Filter>
    </ClInclude>
    <ClInclude Include="..\..\src\core\crypto\DLLDefines.h">
      <Filter>src\core\crypto</Filter>
    </ClInclude>
    <ClInclude Include="..\..\src\core\crypto\eccsi_c.h">
      <Filter>src\core\crypto</Filter>
    </ClInclude>
    <ClInclude Include="..\..\src\core\crypto\eccsiWrapper.h">
      <Filter>src\core\crypto</Filter>
    </ClInclude>
    <ClInclude Include="..\..\src\core\crypto\miracl.h">
      <Filter>src\core\crypto</Filter>
    </ClInclude>
    <ClInclude Include="..\..\src\core\crypto\mirdef.h">
      <Filter>src\core\crypto</Filter>
    </ClInclude>
    <ClInclude Include="..\..\src\core\crypto\mpin_c.h">
      <Filter>src\core\crypto</Filter>
    </ClInclude>
    <ClInclude Include="..\..\src\core\crypto\MPinCryptoConfig.h">
      <Filter>src\core\crypto</Filter>
    </ClInclude>
    <ClInclude Include="..\..\src\core\crypto\mpinWrapper.h">
      <Filter>src\core\crypto</Filter>
    </ClInclude>
    <ClInclude Include="..\..\src\core\crypto\octet.h">
      <Filter>src\core\crypto</Filter>
    </ClInclude>
    <ClInclude Include="..\..\src\core\crypto\sakke_bn_c.h">
      <Filter>src\core\crypto</Filter>
    </ClInclude>
    <ClInclude Include="..\..\src\core\crypto\sakkeWrapper.h">
      <Filter>src\core\crypto</Filter>
    </ClInclude>
    <ClInclude Include="..\..\src\core\json\elements.h">
      <Filter>src\core\json</Filter>
    </ClInclude>
    <ClInclude Include="..\..\src\core\json\reader.h">
      <Filter>src\core\json</Filter>
    </ClInclude>
    <ClInclude Include="..\..\src\core\json\visitor.h">
      <Filter>src\core\json</Filter>
    </ClInclude>
    <ClInclude Include="..\..\src\core\json\writer.h">
      <Filter>src\core\json</Filter>
    </ClInclude>
    <ClInclude Include="..\..\src\core\cv_shared_ptr.h">
      <Filter>src\core</Filter>
    </ClInclude>
    <ClInclude Include="..\..\src\core\utf8.h">
      <Filter>src\core</Filter>
    </ClInclude>
    <ClInclude Include="..\..\src\core\utf8\checked.h">
      <Filter>src\core\utf8</Filter>
    </ClInclude>
    <ClInclude Include="..\..\src\core\utf8\core.h">
      <Filter>src\core\utf8</Filter>
    </ClInclude>
    <ClInclude Include="..\..\src\core\utf8\unchecked.h">
      <Filter>src\core\utf8</Filter>
    </ClInclude>
    <ClInclude Include="..\..\ext\cvshared\cpp\include\CvCommon.h">
      <Filter>ext\cvshared</Filter>
    </ClInclude>
    <ClInclude Include="..\..\ext\cvshared\cpp\include\CvHttpCommon.h">
      <Filter>ext\cvshared</Filter>
    </ClInclude>
    <ClInclude Include="..\..\ext\cvshared\cpp\include\CvHttpRequest.h">
      <Filter>ext\cvshared</Filter>
    </ClInclude>
    <ClInclude Include="..\..\ext\cvshared\cpp\include\CvMutex.h">
      <Filter>ext\cvshared</Filter>
    </ClInclude>
    <ClInclude Include="..\..\ext\cvshared\cpp\include\CvTime.h">
      <Filter>ext\cvshared</Filter>
    </ClInclude>
    <ClInclude Include="..\..\ext\cvshared\cpp\include\CvString.h">
      <Filter>ext\cvshared</Filter>
    </ClInclude>
    <ClInclude Include="..\..\ext\cvshared\cpp\include\CvLogger.h">
      <Filter>ext\cvshared</Filter>
    </ClInclude>
    <ClInclude Include="..\..\src\windows\context_impl.h">
      <Filter>src\windows</Filter>
    </ClInclude>
    <ClInclude Include="..\..\ext\cvshared\cpp\include\CvXcode.h">
      <Filter>ext\cvshared</Filter>
    </ClInclude>
    <ClInclude Include="..\..\src\core\version.h">
      <Filter>src\core</Filter>
    </ClInclude>
  </ItemGroup>
  <ItemGroup>
    <None Include="..\..\src\core\crypto\mirdef.gcc">
      <Filter>src\core\crypto</Filter>
    </None>
    <None Include="..\..\src\core\crypto\mirdef.lc32">
      <Filter>src\core\crypto</Filter>
    </None>
    <None Include="..\..\src\core\crypto\mirdef.lc64">
      <Filter>src\core\crypto</Filter>
    </None>
    <None Include="..\..\src\core\crypto\mirdef.wc32">
      <Filter>src\core\crypto</Filter>
    </None>
    <None Include="..\..\src\core\crypto\mirdef.wc64">
      <Filter>src\core\crypto</Filter>
    </None>
    <None Include="..\..\src\core\json\elements.inl">
      <Filter>src\core\json</Filter>
    </None>
    <None Include="..\..\src\core\json\reader.inl">
      <Filter>src\core\json</Filter>
    </None>
    <None Include="..\..\src\core\json\writer.inl">
      <Filter>src\core\json</Filter>
    </None>
    <None Include="unit_tests.vcxproj.filters" />
  </ItemGroup>
</Project>